// !$*UTF8*$!
{
	archiveVersion = 1;
	classes = {
	};
	objectVersion = 46;
	objects = {

/* Begin PBXBuildFile section */
		237662C01D32FFC600AC9F4D /* AppDelegate.swift in Sources */ = {isa = PBXBuildFile; fileRef = 237662BF1D32FFC600AC9F4D /* AppDelegate.swift */; };
		237662C21D32FFC600AC9F4D /* NewsListViewController.swift in Sources */ = {isa = PBXBuildFile; fileRef = 237662C11D32FFC600AC9F4D /* NewsListViewController.swift */; };
		237662C51D32FFC600AC9F4D /* Main.storyboard in Resources */ = {isa = PBXBuildFile; fileRef = 237662C31D32FFC600AC9F4D /* Main.storyboard */; };
		237662C71D32FFC600AC9F4D /* Assets.xcassets in Resources */ = {isa = PBXBuildFile; fileRef = 237662C61D32FFC600AC9F4D /* Assets.xcassets */; };
		237662CA1D32FFC600AC9F4D /* LaunchScreen.storyboard in Resources */ = {isa = PBXBuildFile; fileRef = 237662C81D32FFC600AC9F4D /* LaunchScreen.storyboard */; };
		237662D51D32FFC600AC9F4D /* GetJSONRequestTests.swift in Sources */ = {isa = PBXBuildFile; fileRef = 237662D41D32FFC600AC9F4D /* GetJSONRequestTests.swift */; };
		237662E11D33005B00AC9F4D /* GetJSONRequest.swift in Sources */ = {isa = PBXBuildFile; fileRef = 237662E01D33005B00AC9F4D /* GetJSONRequest.swift */; };
		237662E41D33011D00AC9F4D /* News.swift in Sources */ = {isa = PBXBuildFile; fileRef = 237662E31D33011D00AC9F4D /* News.swift */; };
		237662E71D3301A400AC9F4D /* Constants.swift in Sources */ = {isa = PBXBuildFile; fileRef = 237662E61D3301A400AC9F4D /* Constants.swift */; };
		237662E91D330AA000AC9F4D /* NewsDetailViewController.swift in Sources */ = {isa = PBXBuildFile; fileRef = 237662E81D330AA000AC9F4D /* NewsDetailViewController.swift */; };
		23C1BD2D1D33212F00BA0DD5 /* Fabric.framework in Frameworks */ = {isa = PBXBuildFile; fileRef = 23C1BD2B1D33212F00BA0DD5 /* Fabric.framework */; };
		23C1BD2E1D33213000BA0DD5 /* Crashlytics.framework in Frameworks */ = {isa = PBXBuildFile; fileRef = 23C1BD2C1D33212F00BA0DD5 /* Crashlytics.framework */; };
/* End PBXBuildFile section */

/* Begin PBXContainerItemProxy section */
		237662D11D32FFC600AC9F4D /* PBXContainerItemProxy */ = {
			isa = PBXContainerItemProxy;
			containerPortal = 237662B41D32FFC500AC9F4D /* Project object */;
			proxyType = 1;
			remoteGlobalIDString = 237662BB1D32FFC600AC9F4D;
			remoteInfo = SPS;
		};
/* End PBXContainerItemProxy section */

/* Begin PBXFileReference section */
		237662BC1D32FFC600AC9F4D /* SPS.app */ = {isa = PBXFileReference; explicitFileType = wrapper.application; includeInIndex = 0; path = SPS.app; sourceTree = BUILT_PRODUCTS_DIR; };
		237662BF1D32FFC600AC9F4D /* AppDelegate.swift */ = {isa = PBXFileReference; lastKnownFileType = sourcecode.swift; path = AppDelegate.swift; sourceTree = "<group>"; };
		237662C11D32FFC600AC9F4D /* NewsListViewController.swift */ = {isa = PBXFileReference; lastKnownFileType = sourcecode.swift; path = NewsListViewController.swift; sourceTree = "<group>"; };
		237662C41D32FFC600AC9F4D /* Base */ = {isa = PBXFileReference; lastKnownFileType = file.storyboard; name = Base; path = Base.lproj/Main.storyboard; sourceTree = "<group>"; };
		237662C61D32FFC600AC9F4D /* Assets.xcassets */ = {isa = PBXFileReference; lastKnownFileType = folder.assetcatalog; path = Assets.xcassets; sourceTree = "<group>"; };
		237662C91D32FFC600AC9F4D /* Base */ = {isa = PBXFileReference; lastKnownFileType = file.storyboard; name = Base; path = Base.lproj/LaunchScreen.storyboard; sourceTree = "<group>"; };
		237662CB1D32FFC600AC9F4D /* Info.plist */ = {isa = PBXFileReference; lastKnownFileType = text.plist.xml; path = Info.plist; sourceTree = "<group>"; };
		237662D01D32FFC600AC9F4D /* SPSTests.xctest */ = {isa = PBXFileReference; explicitFileType = wrapper.cfbundle; includeInIndex = 0; path = SPSTests.xctest; sourceTree = BUILT_PRODUCTS_DIR; };
		237662D41D32FFC600AC9F4D /* GetJSONRequestTests.swift */ = {isa = PBXFileReference; lastKnownFileType = sourcecode.swift; path = GetJSONRequestTests.swift; sourceTree = "<group>"; };
		237662D61D32FFC600AC9F4D /* Info.plist */ = {isa = PBXFileReference; lastKnownFileType = text.plist.xml; path = Info.plist; sourceTree = "<group>"; };
		237662E01D33005B00AC9F4D /* GetJSONRequest.swift */ = {isa = PBXFileReference; fileEncoding = 4; lastKnownFileType = sourcecode.swift; name = GetJSONRequest.swift; path = APIsServices/GetJSONRequest.swift; sourceTree = "<group>"; };
		237662E31D33011D00AC9F4D /* News.swift */ = {isa = PBXFileReference; fileEncoding = 4; lastKnownFileType = sourcecode.swift; name = News.swift; path = DataStructures/News.swift; sourceTree = "<group>"; };
		237662E61D3301A400AC9F4D /* Constants.swift */ = {isa = PBXFileReference; fileEncoding = 4; lastKnownFileType = sourcecode.swift; name = Constants.swift; path = Utitilities/Constants.swift; sourceTree = "<group>"; };
		237662E81D330AA000AC9F4D /* NewsDetailViewController.swift */ = {isa = PBXFileReference; fileEncoding = 4; lastKnownFileType = sourcecode.swift; path = NewsDetailViewController.swift; sourceTree = "<group>"; };
		23C1BD2B1D33212F00BA0DD5 /* Fabric.framework */ = {isa = PBXFileReference; lastKnownFileType = wrapper.framework; path = Fabric.framework; sourceTree = "<group>"; };
		23C1BD2C1D33212F00BA0DD5 /* Crashlytics.framework */ = {isa = PBXFileReference; lastKnownFileType = wrapper.framework; path = Crashlytics.framework; sourceTree = "<group>"; };
/* End PBXFileReference section */

/* Begin PBXFrameworksBuildPhase section */
		237662B91D32FFC600AC9F4D /* Frameworks */ = {
			isa = PBXFrameworksBuildPhase;
			buildActionMask = 2147483647;
			files = (
				23C1BD2E1D33213000BA0DD5 /* Crashlytics.framework in Frameworks */,
				23C1BD2D1D33212F00BA0DD5 /* Fabric.framework in Frameworks */,
			);
			runOnlyForDeploymentPostprocessing = 0;
		};
		237662CD1D32FFC600AC9F4D /* Frameworks */ = {
			isa = PBXFrameworksBuildPhase;
			buildActionMask = 2147483647;
			files = (
			);
			runOnlyForDeploymentPostprocessing = 0;
		};
/* End PBXFrameworksBuildPhase section */

/* Begin PBXGroup section */
		237662B31D32FFC500AC9F4D = {
			isa = PBXGroup;
			children = (
				237662BE1D32FFC600AC9F4D /* SPS */,
				237662D31D32FFC600AC9F4D /* SPSTests */,
				237662BD1D32FFC600AC9F4D /* Products */,
			);
			sourceTree = "<group>";
		};
		237662BD1D32FFC600AC9F4D /* Products */ = {
			isa = PBXGroup;
			children = (
				237662BC1D32FFC600AC9F4D /* SPS.app */,
				237662D01D32FFC600AC9F4D /* SPSTests.xctest */,
			);
			name = Products;
			sourceTree = "<group>";
		};
		237662BE1D32FFC600AC9F4D /* SPS */ = {
			isa = PBXGroup;
			children = (
				23C1BD2A1D33212000BA0DD5 /* Libraries */,
				237662E51D33017900AC9F4D /* Utitlities */,
				237662E21D33010700AC9F4D /* DataStructures */,
				237662DF1D33000F00AC9F4D /* APIsServices */,
				237662BF1D32FFC600AC9F4D /* AppDelegate.swift */,
				237662C11D32FFC600AC9F4D /* NewsListViewController.swift */,
				237662E81D330AA000AC9F4D /* NewsDetailViewController.swift */,
				237662C31D32FFC600AC9F4D /* Main.storyboard */,
				237662C61D32FFC600AC9F4D /* Assets.xcassets */,
				237662C81D32FFC600AC9F4D /* LaunchScreen.storyboard */,
				237662CB1D32FFC600AC9F4D /* Info.plist */,
			);
			path = SPS;
			sourceTree = "<group>";
		};
		237662D31D32FFC600AC9F4D /* SPSTests */ = {
			isa = PBXGroup;
			children = (
				237662D41D32FFC600AC9F4D /* GetJSONRequestTests.swift */,
				237662D61D32FFC600AC9F4D /* Info.plist */,
			);
			path = SPSTests;
			sourceTree = "<group>";
		};
		237662DF1D33000F00AC9F4D /* APIsServices */ = {
			isa = PBXGroup;
			children = (
				237662E01D33005B00AC9F4D /* GetJSONRequest.swift */,
			);
			name = APIsServices;
			sourceTree = "<group>";
		};
		237662E21D33010700AC9F4D /* DataStructures */ = {
			isa = PBXGroup;
			children = (
				237662E31D33011D00AC9F4D /* News.swift */,
			);
			name = DataStructures;
			sourceTree = "<group>";
		};
		237662E51D33017900AC9F4D /* Utitlities */ = {
			isa = PBXGroup;
			children = (
				237662E61D3301A400AC9F4D /* Constants.swift */,
			);
			name = Utitlities;
			sourceTree = "<group>";
		};
		23C1BD2A1D33212000BA0DD5 /* Libraries */ = {
			isa = PBXGroup;
			children = (
				23C1BD2B1D33212F00BA0DD5 /* Fabric.framework */,
				23C1BD2C1D33212F00BA0DD5 /* Crashlytics.framework */,
			);
			name = Libraries;
			sourceTree = "<group>";
		};
/* End PBXGroup section */

/* Begin PBXNativeTarget section */
		237662BB1D32FFC600AC9F4D /* SPS */ = {
			isa = PBXNativeTarget;
			buildConfigurationList = 237662D91D32FFC600AC9F4D /* Build configuration list for PBXNativeTarget "SPS" */;
			buildPhases = (
				237662B81D32FFC600AC9F4D /* Sources */,
				237662B91D32FFC600AC9F4D /* Frameworks */,
				237662BA1D32FFC600AC9F4D /* Resources */,
				23C1BD291D3320FD00BA0DD5 /* ShellScript */,
			);
			buildRules = (
			);
			dependencies = (
			);
			name = SPS;
			productName = SPS;
			productReference = 237662BC1D32FFC600AC9F4D /* SPS.app */;
			productType = "com.apple.product-type.application";
		};
		237662CF1D32FFC600AC9F4D /* SPSTests */ = {
			isa = PBXNativeTarget;
			buildConfigurationList = 237662DC1D32FFC600AC9F4D /* Build configuration list for PBXNativeTarget "SPSTests" */;
			buildPhases = (
				237662CC1D32FFC600AC9F4D /* Sources */,
				237662CD1D32FFC600AC9F4D /* Frameworks */,
				237662CE1D32FFC600AC9F4D /* Resources */,
			);
			buildRules = (
			);
			dependencies = (
				237662D21D32FFC600AC9F4D /* PBXTargetDependency */,
			);
			name = SPSTests;
			productName = SPSTests;
			productReference = 237662D01D32FFC600AC9F4D /* SPSTests.xctest */;
			productType = "com.apple.product-type.bundle.unit-test";
		};
/* End PBXNativeTarget section */

/* Begin PBXProject section */
		237662B41D32FFC500AC9F4D /* Project object */ = {
			isa = PBXProject;
			attributes = {
				LastSwiftUpdateCheck = 0730;
				LastUpgradeCheck = 0730;
				ORGANIZATIONNAME = "Soriyany keo";
				TargetAttributes = {
					237662BB1D32FFC600AC9F4D = {
						CreatedOnToolsVersion = 7.3.1;
					};
					237662CF1D32FFC600AC9F4D = {
						CreatedOnToolsVersion = 7.3.1;
						TestTargetID = 237662BB1D32FFC600AC9F4D;
					};
				};
			};
			buildConfigurationList = 237662B71D32FFC500AC9F4D /* Build configuration list for PBXProject "SPS" */;
			compatibilityVersion = "Xcode 3.2";
			developmentRegion = English;
			hasScannedForEncodings = 0;
			knownRegions = (
				en,
				Base,
			);
			mainGroup = 237662B31D32FFC500AC9F4D;
			productRefGroup = 237662BD1D32FFC600AC9F4D /* Products */;
			projectDirPath = "";
			projectRoot = "";
			targets = (
				237662BB1D32FFC600AC9F4D /* SPS */,
				237662CF1D32FFC600AC9F4D /* SPSTests */,
			);
		};
/* End PBXProject section */

/* Begin PBXResourcesBuildPhase section */
		237662BA1D32FFC600AC9F4D /* Resources */ = {
			isa = PBXResourcesBuildPhase;
			buildActionMask = 2147483647;
			files = (
				237662CA1D32FFC600AC9F4D /* LaunchScreen.storyboard in Resources */,
				237662C71D32FFC600AC9F4D /* Assets.xcassets in Resources */,
				237662C51D32FFC600AC9F4D /* Main.storyboard in Resources */,
			);
			runOnlyForDeploymentPostprocessing = 0;
		};
		237662CE1D32FFC600AC9F4D /* Resources */ = {
			isa = PBXResourcesBuildPhase;
			buildActionMask = 2147483647;
			files = (
			);
			runOnlyForDeploymentPostprocessing = 0;
		};
/* End PBXResourcesBuildPhase section */

/* Begin PBXShellScriptBuildPhase section */
		23C1BD291D3320FD00BA0DD5 /* ShellScript */ = {
			isa = PBXShellScriptBuildPhase;
			buildActionMask = 2147483647;
			files = (
			);
			inputPaths = (
			);
			outputPaths = (
			);
			runOnlyForDeploymentPostprocessing = 0;
			shellPath = /bin/sh;
			shellScript = "./Fabric.framework/run 6c838cfcee6da2a30af31bb4001c62029714ec68 1b187f0ad607ba16c75ef1d28fcc4796ec1008c516fd7270eabbd2ad2562899a";
		};
/* End PBXShellScriptBuildPhase section */

/* Begin PBXSourcesBuildPhase section */
		237662B81D32FFC600AC9F4D /* Sources */ = {
			isa = PBXSourcesBuildPhase;
			buildActionMask = 2147483647;
			files = (
				237662E91D330AA000AC9F4D /* NewsDetailViewController.swift in Sources */,
				237662E71D3301A400AC9F4D /* Constants.swift in Sources */,
				237662C21D32FFC600AC9F4D /* NewsListViewController.swift in Sources */,
				237662C01D32FFC600AC9F4D /* AppDelegate.swift in Sources */,
				237662E41D33011D00AC9F4D /* News.swift in Sources */,
				237662E11D33005B00AC9F4D /* GetJSONRequest.swift in Sources */,
			);
			runOnlyForDeploymentPostprocessing = 0;
		};
		237662CC1D32FFC600AC9F4D /* Sources */ = {
			isa = PBXSourcesBuildPhase;
			buildActionMask = 2147483647;
			files = (
				237662D51D32FFC600AC9F4D /* GetJSONRequestTests.swift in Sources */,
			);
			runOnlyForDeploymentPostprocessing = 0;
		};
/* End PBXSourcesBuildPhase section */

/* Begin PBXTargetDependency section */
		237662D21D32FFC600AC9F4D /* PBXTargetDependency */ = {
			isa = PBXTargetDependency;
			target = 237662BB1D32FFC600AC9F4D /* SPS */;
			targetProxy = 237662D11D32FFC600AC9F4D /* PBXContainerItemProxy */;
		};
/* End PBXTargetDependency section */

/* Begin PBXVariantGroup section */
		237662C31D32FFC600AC9F4D /* Main.storyboard */ = {
			isa = PBXVariantGroup;
			children = (
				237662C41D32FFC600AC9F4D /* Base */,
			);
			name = Main.storyboard;
			sourceTree = "<group>";
		};
		237662C81D32FFC600AC9F4D /* LaunchScreen.storyboard */ = {
			isa = PBXVariantGroup;
			children = (
				237662C91D32FFC600AC9F4D /* Base */,
			);
			name = LaunchScreen.storyboard;
			sourceTree = "<group>";
		};
/* End PBXVariantGroup section */

/* Begin XCBuildConfiguration section */
		237662D71D32FFC600AC9F4D /* Debug */ = {
			isa = XCBuildConfiguration;
			buildSettings = {
				ALWAYS_SEARCH_USER_PATHS = NO;
				CLANG_ANALYZER_NONNULL = YES;
				CLANG_CXX_LANGUAGE_STANDARD = "gnu++0x";
				CLANG_CXX_LIBRARY = "libc++";
				CLANG_ENABLE_MODULES = YES;
				CLANG_ENABLE_OBJC_ARC = YES;
				CLANG_WARN_BOOL_CONVERSION = YES;
				CLANG_WARN_CONSTANT_CONVERSION = YES;
				CLANG_WARN_DIRECT_OBJC_ISA_USAGE = YES_ERROR;
				CLANG_WARN_EMPTY_BODY = YES;
				CLANG_WARN_ENUM_CONVERSION = YES;
				CLANG_WARN_INT_CONVERSION = YES;
				CLANG_WARN_OBJC_ROOT_CLASS = YES_ERROR;
				CLANG_WARN_UNREACHABLE_CODE = YES;
				CLANG_WARN__DUPLICATE_METHOD_MATCH = YES;
				"CODE_SIGN_IDENTITY[sdk=iphoneos*]" = "iPhone Developer";
				COPY_PHASE_STRIP = NO;
				DEBUG_INFORMATION_FORMAT = dwarf;
				ENABLE_STRICT_OBJC_MSGSEND = YES;
				ENABLE_TESTABILITY = YES;
				GCC_C_LANGUAGE_STANDARD = gnu99;
				GCC_DYNAMIC_NO_PIC = NO;
				GCC_NO_COMMON_BLOCKS = YES;
				GCC_OPTIMIZATION_LEVEL = 0;
				GCC_PREPROCESSOR_DEFINITIONS = (
					"DEBUG=1",
					"$(inherited)",
				);
				GCC_WARN_64_TO_32_BIT_CONVERSION = YES;
				GCC_WARN_ABOUT_RETURN_TYPE = YES_ERROR;
				GCC_WARN_UNDECLARED_SELECTOR = YES;
				GCC_WARN_UNINITIALIZED_AUTOS = YES_AGGRESSIVE;
				GCC_WARN_UNUSED_FUNCTION = YES;
				GCC_WARN_UNUSED_VARIABLE = YES;
				IPHONEOS_DEPLOYMENT_TARGET = 9.3;
				MTL_ENABLE_DEBUG_INFO = YES;
				ONLY_ACTIVE_ARCH = YES;
				SDKROOT = iphoneos;
				SWIFT_OPTIMIZATION_LEVEL = "-Onone";
				TARGETED_DEVICE_FAMILY = "1,2";
			};
			name = Debug;
		};
		237662D81D32FFC600AC9F4D /* Release */ = {
			isa = XCBuildConfiguration;
			buildSettings = {
				ALWAYS_SEARCH_USER_PATHS = NO;
				CLANG_ANALYZER_NONNULL = YES;
				CLANG_CXX_LANGUAGE_STANDARD = "gnu++0x";
				CLANG_CXX_LIBRARY = "libc++";
				CLANG_ENABLE_MODULES = YES;
				CLANG_ENABLE_OBJC_ARC = YES;
				CLANG_WARN_BOOL_CONVERSION = YES;
				CLANG_WARN_CONSTANT_CONVERSION = YES;
				CLANG_WARN_DIRECT_OBJC_ISA_USAGE = YES_ERROR;
				CLANG_WARN_EMPTY_BODY = YES;
				CLANG_WARN_ENUM_CONVERSION = YES;
				CLANG_WARN_INT_CONVERSION = YES;
				CLANG_WARN_OBJC_ROOT_CLASS = YES_ERROR;
				CLANG_WARN_UNREACHABLE_CODE = YES;
				CLANG_WARN__DUPLICATE_METHOD_MATCH = YES;
				"CODE_SIGN_IDENTITY[sdk=iphoneos*]" = "iPhone Developer";
				COPY_PHASE_STRIP = NO;
				DEBUG_INFORMATION_FORMAT = "dwarf-with-dsym";
				ENABLE_NS_ASSERTIONS = NO;
				ENABLE_STRICT_OBJC_MSGSEND = YES;
				GCC_C_LANGUAGE_STANDARD = gnu99;
				GCC_NO_COMMON_BLOCKS = YES;
				GCC_WARN_64_TO_32_BIT_CONVERSION = YES;
				GCC_WARN_ABOUT_RETURN_TYPE = YES_ERROR;
				GCC_WARN_UNDECLARED_SELECTOR = YES;
				GCC_WARN_UNINITIALIZED_AUTOS = YES_AGGRESSIVE;
				GCC_WARN_UNUSED_FUNCTION = YES;
				GCC_WARN_UNUSED_VARIABLE = YES;
				IPHONEOS_DEPLOYMENT_TARGET = 9.3;
				MTL_ENABLE_DEBUG_INFO = NO;
				SDKROOT = iphoneos;
				TARGETED_DEVICE_FAMILY = "1,2";
				VALIDATE_PRODUCT = YES;
			};
			name = Release;
		};
		237662DA1D32FFC600AC9F4D /* Debug */ = {
			isa = XCBuildConfiguration;
			buildSettings = {
				ASSETCATALOG_COMPILER_APPICON_NAME = AppIcon;
				FRAMEWORK_SEARCH_PATHS = (
					"$(inherited)",
					"$(PROJECT_DIR)/SPS",
				);
				INFOPLIST_FILE = SPS/Info.plist;
				LD_RUNPATH_SEARCH_PATHS = "$(inherited) @executable_path/Frameworks";
				PRODUCT_BUNDLE_IDENTIFIER = com.soriyany.SPS;
				PRODUCT_NAME = "$(TARGET_NAME)";
			};
			name = Debug;
		};
		237662DB1D32FFC600AC9F4D /* Release */ = {
			isa = XCBuildConfiguration;
			buildSettings = {
				ASSETCATALOG_COMPILER_APPICON_NAME = AppIcon;
				FRAMEWORK_SEARCH_PATHS = (
					"$(inherited)",
					"$(PROJECT_DIR)/SPS",
				);
				INFOPLIST_FILE = SPS/Info.plist;
				LD_RUNPATH_SEARCH_PATHS = "$(inherited) @executable_path/Frameworks";
				PRODUCT_BUNDLE_IDENTIFIER = com.soriyany.SPS;
				PRODUCT_NAME = "$(TARGET_NAME)";
			};
			name = Release;
		};
		237662DD1D32FFC600AC9F4D /* Debug */ = {
			isa = XCBuildConfiguration;
			buildSettings = {
				BUNDLE_LOADER = "$(TEST_HOST)";
				INFOPLIST_FILE = SPSTests/Info.plist;
				LD_RUNPATH_SEARCH_PATHS = "$(inherited) @executable_path/Frameworks @loader_path/Frameworks";
				PRODUCT_BUNDLE_IDENTIFIER = com.soriyany.SPSTests;
				PRODUCT_NAME = "$(TARGET_NAME)";
				TEST_HOST = "$(BUILT_PRODUCTS_DIR)/SPS.app/SPS";
			};
			name = Debug;
		};
		237662DE1D32FFC600AC9F4D /* Release */ = {
			isa = XCBuildConfiguration;
			buildSettings = {
				BUNDLE_LOADER = "$(TEST_HOST)";
				INFOPLIST_FILE = SPSTests/Info.plist;
				LD_RUNPATH_SEARCH_PATHS = "$(inherited) @executable_path/Frameworks @loader_path/Frameworks";
				PRODUCT_BUNDLE_IDENTIFIER = com.soriyany.SPSTests;
				PRODUCT_NAME = "$(TARGET_NAME)";
				TEST_HOST = "$(BUILT_PRODUCTS_DIR)/SPS.app/SPS";
			};
			name = Release;
		};
/* End XCBuildConfiguration section */

/* Begin XCConfigurationList section */
		237662B71D32FFC500AC9F4D /* Build configuration list for PBXProject "SPS" */ = {
			isa = XCConfigurationList;
			buildConfigurations = (
				237662D71D32FFC600AC9F4D /* Debug */,
				237662D81D32FFC600AC9F4D /* Release */,
			);
			defaultConfigurationIsVisible = 0;
			defaultConfigurationName = Release;
		};
		237662D91D32FFC600AC9F4D /* Build configuration list for PBXNativeTarget "SPS" */ = {
			isa = XCConfigurationList;
			buildConfigurations = (
				237662DA1D32FFC600AC9F4D /* Debug */,
				237662DB1D32FFC600AC9F4D /* Release */,
			);
			defaultConfigurationIsVisible = 0;
			defaultConfigurationName = Release;
		};
		237662DC1D32FFC600AC9F4D /* Build configuration list for PBXNativeTarget "SPSTests" */ = {
			isa = XCConfigurationList;
			buildConfigurations = (
				237662DD1D32FFC600AC9F4D /* Debug */,
				237662DE1D32FFC600AC9F4D /* Release */,
			);
			defaultConfigurationIsVisible = 0;
			defaultConfigurationName = Release;
		};
/* End XCConfigurationList section */
	};
	rootObject = 237662B41D32FFC500AC9F4D /* Project object */;
}
